{
  "requires": true,
  "lockfileVersion": 1,
  "dependencies": {
    "sweetalert2": {
      "version": "8.16.3",
      "resolved": "https://registry.npmjs.org/sweetalert2/-/sweetalert2-8.16.3.tgz",
      "integrity": "sha512-GfnVLht6OJGUcKnrIILaMbjhn2LvFDIG2MchUviWTa0vJCZoX9cfjWyZsOrOh+g/jRN/+D6V8UXXZJ6rRcN82w=="
    }
  }
}
